
Microsoft Visual Studio Solution File, Format Version 12.00
# Visual Studio 15
VisualStudioVersion = 15.0.26124.0
MinimumVisualStudioVersion = 15.0.26124.0
Project("{FAE04EC0-301F-11D3-BF4B-00C04F79EFBC}") = "Demo.ConfigBuilders.Application", "Demo.ConfigBuilders.Application\Demo.ConfigBuilders.Application.csproj", "{6190C266-C099-489E-BF8D-76F9A04799A3}"
EndProject
Project("{151D2E53-A2C4-4D7D-83FE-D05416EBD58E}") = "Demo.ConfigBuilders.Deployment", "Demo.ConfigBuilders.Deployment\Demo.ConfigBuilders.Deployment.deployproj", "{B9CD45F8-7EC1-46E0-821F-A819E52C6615}"
EndProject
Global
	GlobalSection(SolutionConfigurationPlatforms) = preSolution
		Debug|Any CPU = Debug|Any CPU
		Release|Any CPU = Release|Any CPU
	EndGlobalSection
	GlobalSection(ProjectConfigurationPlatforms) = postSolution
		{6190C266-C099-489E-BF8D-76F9A04799A3}.Debug|Any CPU.ActiveCfg = Debug|Any CPU
		{6190C266-C099-489E-BF8D-76F9A04799A3}.Debug|Any CPU.Build.0 = Debug|Any CPU
		{6190C266-C099-489E-BF8D-76F9A04799A3}.Release|Any CPU.ActiveCfg = Release|Any CPU
		{6190C266-C099-489E-BF8D-76F9A04799A3}.Release|Any CPU.Build.0 = Release|Any CPU
		{B9CD45F8-7EC1-46E0-821F-A819E52C6615}.Debug|Any CPU.ActiveCfg = Debug|Any CPU
		{B9CD45F8-7EC1-46E0-821F-A819E52C6615}.Debug|Any CPU.Build.0 = Debug|Any CPU
		{B9CD45F8-7EC1-46E0-821F-A819E52C6615}.Release|Any CPU.ActiveCfg = Release|Any CPU
		{B9CD45F8-7EC1-46E0-821F-A819E52C6615}.Release|Any CPU.Build.0 = Release|Any CPU
	EndGlobalSection
	GlobalSection(SolutionProperties) = preSolution
		HideSolutionNode = FALSE
	EndGlobalSection
	GlobalSection(ExtensibilityGlobals) = postSolution
		SolutionGuid = {4D90D652-EE09-4A95-8B23-E9B265A20C0B}
	EndGlobalSection
EndGlobal
